
Microsoft Visual Studio Solution File, Format Version 12.00
# Visual Studio 15
VisualStudioVersion = 15.0.27130.2036
MinimumVisualStudioVersion = 10.0.40219.1
Project("{2150E333-8FDC-42A3-9474-1A3956D46DE8}") = "DAL", "DAL", "{F05050FA-5D6E-44D7-AA76-C64EEE08557F}"
EndProject
Project("{FAE04EC0-301F-11D3-BF4B-00C04F79EFBC}") = "CRTCCRM.Model", "CRTCCRM.Models\CRTCCRM.Model.csproj", "{2D2638B8-C568-46F8-91A3-D6941BD5097E}"
EndProject
Global
	GlobalSection(SolutionConfigurationPlatforms) = preSolution
		Debug|Any CPU = Debug|Any CPU
		Release|Any CPU = Release|Any CPU
	EndGlobalSection
	GlobalSection(ProjectConfigurationPlatforms) = postSolution
		{2D2638B8-C568-46F8-91A3-D6941BD5097E}.Debug|Any CPU.ActiveCfg = Debug|Any CPU
		{2D2638B8-C568-46F8-91A3-D6941BD5097E}.Debug|Any CPU.Build.0 = Debug|Any CPU
		{2D2638B8-C568-46F8-91A3-D6941BD5097E}.Release|Any CPU.ActiveCfg = Release|Any CPU
		{2D2638B8-C568-46F8-91A3-D6941BD5097E}.Release|Any CPU.Build.0 = Release|Any CPU
	EndGlobalSection
	GlobalSection(SolutionProperties) = preSolution
		HideSolutionNode = FALSE
	EndGlobalSection
	GlobalSection(NestedProjects) = preSolution
		{2D2638B8-C568-46F8-91A3-D6941BD5097E} = {F05050FA-5D6E-44D7-AA76-C64EEE08557F}
	EndGlobalSection
	GlobalSection(ExtensibilityGlobals) = postSolution
		SolutionGuid = {7137ECBD-11F7-4226-BF56-6A00E2C9BD73}
	EndGlobalSection
EndGlobal
